
Microsoft Visual Studio Solution File, Format Version 12.00
# Visual Studio Version 17
VisualStudioVersion = 17.8.34525.116
MinimumVisualStudioVersion = 10.0.40219.1
Project("{9A19103F-16F7-4668-BE54-9A1E7A4F7556}") = "learning", "learning\learning.csproj", "{5978FA2F-9E9E-4F16-8C1B-5A68D8D0E632}"
EndProject
Project("{FAE04EC0-301F-11D3-BF4B-00C04F79EFBC}") = "Learning.Model", "Learning.Model\Learning.Model.csproj", "{5398BB71-8D8B-4A1B-8156-E1217CE73A15}"
EndProject
Project("{FAE04EC0-301F-11D3-BF4B-00C04F79EFBC}") = "Learning.DataAccess", "Learing.DataAccess\Learning.DataAccess.csproj", "{ED5CB200-12D7-4FF6-AC56-C19E86E8396D}"
EndProject
Global
	GlobalSection(SolutionConfigurationPlatforms) = preSolution
		Debug|Any CPU = Debug|Any CPU
		Release|Any CPU = Release|Any CPU
	EndGlobalSection
	GlobalSection(ProjectConfigurationPlatforms) = postSolution
		{5978FA2F-9E9E-4F16-8C1B-5A68D8D0E632}.Debug|Any CPU.ActiveCfg = Debug|Any CPU
		{5978FA2F-9E9E-4F16-8C1B-5A68D8D0E632}.Debug|Any CPU.Build.0 = Debug|Any CPU
		{5978FA2F-9E9E-4F16-8C1B-5A68D8D0E632}.Release|Any CPU.ActiveCfg = Release|Any CPU
		{5978FA2F-9E9E-4F16-8C1B-5A68D8D0E632}.Release|Any CPU.Build.0 = Release|Any CPU
		{5398BB71-8D8B-4A1B-8156-E1217CE73A15}.Debug|Any CPU.ActiveCfg = Debug|Any CPU
		{5398BB71-8D8B-4A1B-8156-E1217CE73A15}.Debug|Any CPU.Build.0 = Debug|Any CPU
		{5398BB71-8D8B-4A1B-8156-E1217CE73A15}.Release|Any CPU.ActiveCfg = Release|Any CPU
		{5398BB71-8D8B-4A1B-8156-E1217CE73A15}.Release|Any CPU.Build.0 = Release|Any CPU
		{ED5CB200-12D7-4FF6-AC56-C19E86E8396D}.Debug|Any CPU.ActiveCfg = Debug|Any CPU
		{ED5CB200-12D7-4FF6-AC56-C19E86E8396D}.Debug|Any CPU.Build.0 = Debug|Any CPU
		{ED5CB200-12D7-4FF6-AC56-C19E86E8396D}.Release|Any CPU.ActiveCfg = Release|Any CPU
		{ED5CB200-12D7-4FF6-AC56-C19E86E8396D}.Release|Any CPU.Build.0 = Release|Any CPU
	EndGlobalSection
	GlobalSection(SolutionProperties) = preSolution
		HideSolutionNode = FALSE
	EndGlobalSection
	GlobalSection(ExtensibilityGlobals) = postSolution
		SolutionGuid = {D252A810-6316-4409-BEE9-E2CC938EE5FC}
	EndGlobalSection
EndGlobal
